// !$*UTF8*$!
{
	archiveVersion = 1;
	classes = {
	};
	objectVersion = 77;
	objects = {

/* Begin PBXContainerItemProxy section */
		915A337B2F326A52001FAAD8 /* PBXContainerItemProxy */ = {
			isa = PBXContainerItemProxy;
			containerPortal = 915A33652F326A4F001FAAD8 /* Project object */;
			proxyType = 1;
			remoteGlobalIDString = 915A336C2F326A4F001FAAD8;
			remoteInfo = removebgpro;
		};
		915A33852F326A52001FAAD8 /* PBXContainerItemProxy */ = {
			isa = PBXContainerItemProxy;
			containerPortal = 915A33652F326A4F001FAAD8 /* Project object */;
			proxyType = 1;
			remoteGlobalIDString = 915A336C2F326A4F001FAAD8;
			remoteInfo = removebgpro;
		};
/* End PBXContainerItemProxy section */

/* Begin PBXBuildFile section */
		B0DY6BCB9A444B8781E191E0992741FA /* AdjustmentTabView.swift in Sources */ = {isa = PBXBuildFile; fileRef = FACE68BE2B7E4977B05412BA0E75240B /* AdjustmentTabView.swift */; };
		B0DY210CD59845F0A07D82F09E9C46E8 /* BackgroundRemovalService.swift in Sources */ = {isa = PBXBuildFile; fileRef = FACE7EBD11984C429858A1A8E435AAAE /* BackgroundRemovalService.swift */; };
		B0DY3CBE5D3D413EAC926DBF850EBF3C /* CanvasTabView.swift in Sources */ = {isa = PBXBuildFile; fileRef = FACE8ABEEA0349C786503A4247D9466E /* CanvasTabView.swift */; };
		B0DY87296B61429DA8DC65AC1CA3F977 /* ColorsTabView.swift in Sources */ = {isa = PBXBuildFile; fileRef = FACEED5CC97743E4B228BB479606E80B /* ColorsTabView.swift */; };
		B0DY138AF125494B96BB77E3DB94AD5F /* ContentView.swift in Sources */ = {isa = PBXBuildFile; fileRef = FACE58A2BEF64F1CBFA1C117BB473B5D /* ContentView.swift */; };
		B0DY59D763E047C69FCA87FFE845675A /* CornerFrame.swift in Sources */ = {isa = PBXBuildFile; fileRef = FACEA366E8204D76A41C9E9C2D7A9138 /* CornerFrame.swift */; };
		B0DY2D4CC337407980D6B86FFD355068 /* CropEditorView.swift in Sources */ = {isa = PBXBuildFile; fileRef = FACEB3CCE1EC41318E2BBCC4188B078E /* CropEditorView.swift */; };
		B0DY47F1992743059A327EEC0833B842 /* CropOverlayView.swift in Sources */ = {isa = PBXBuildFile; fileRef = FACE0579567A443E97D1DCB04A607CBD /* CropOverlayView.swift */; };
		B0DY8BC979354D19B2F15B5D18CC16FF /* EditorView.swift in Sources */ = {isa = PBXBuildFile; fileRef = FACE8774958B4134A19FBBAB71A7C667 /* EditorView.swift */; };
		B0DY06B42F1F4A218398EAF27E85E0AF /* EditorViewModel.swift in Sources */ = {isa = PBXBuildFile; fileRef = FACE992A95664E1B9241C5B026BEC19A /* EditorViewModel.swift */; };
		B0DY40363FB44793BD06C2325792DC87 /* EmojiPickerView.swift in Sources */ = {isa = PBXBuildFile; fileRef = FACE328FDDA049EB82151D3286D2910E /* EmojiPickerView.swift */; };
		B0DYBB9C5D6F426A8CD188F0CA8E680D /* FilterTabView.swift in Sources */ = {isa = PBXBuildFile; fileRef = FACE979D46AC4955858CC46E0E5F9E23 /* FilterTabView.swift */; };
		B0DY32898C6740259419E9F330C15197 /* FilterType.swift in Sources */ = {isa = PBXBuildFile; fileRef = FACEBFBF9F1549ADA817774AB2676E35 /* FilterType.swift */; };
		B0DYF85A12C648D88F090FB6AFB6E9AE /* ImageProcessor.swift in Sources */ = {isa = PBXBuildFile; fileRef = FACEA37C90AD4611A3BDDF23B2C17155 /* ImageProcessor.swift */; };
		B0DYD11C2CC449C88B2C866A51B01979 /* InteractiveButton.swift in Sources */ = {isa = PBXBuildFile; fileRef = FACE977911454C1AAEF9DF7833F5D569 /* InteractiveButton.swift */; };
		B0DYD2D4545F42018680C4EEFB84850C /* ShadowTabView.swift in Sources */ = {isa = PBXBuildFile; fileRef = FACEF007E95348D5AD7CCDCFFBFF6839 /* ShadowTabView.swift */; };
		B0DYC879E47B44B5A95CAD94E47A40B1 /* Sticker.swift in Sources */ = {isa = PBXBuildFile; fileRef = FACE8917C60C48C4BB054464AB83FAE3 /* Sticker.swift */; };
		B0DY4D48E6FD46019F31CF46C2A63188 /* StickerPreviewView.swift in Sources */ = {isa = PBXBuildFile; fileRef = FACE62939FE34132A79C88B1B282B220 /* StickerPreviewView.swift */; };
		B0DYB9C639D844D2B8B2CE261AEC23C1 /* StyledImageButton.swift in Sources */ = {isa = PBXBuildFile; fileRef = FACE089F44EB4731A30E689B31BCCA16 /* StyledImageButton.swift */; };
		B0DYCC5F96D845649B89F50ABBF00479 /* TextEditorOverlay.swift in Sources */ = {isa = PBXBuildFile; fileRef = FACEB6A80B7E4FE2A13F2AE84ABC7CB5 /* TextEditorOverlay.swift */; };
		B0DY6B0D68B24923BB09A77108719AE3 /* TextEditorStyles.swift in Sources */ = {isa = PBXBuildFile; fileRef = FACE8E9509FF42E08C3BAE1C4022C6D1 /* TextEditorStyles.swift */; };
		B0DYCCDA593E4FBFA11E8D45954007E1 /* TextItem.swift in Sources */ = {isa = PBXBuildFile; fileRef = FACE1164C49F4F8181B6BCA1F0B35D6C /* TextItem.swift */; };
		B0DY055D5A8241AAA9C3EC8B5EBFFF5E /* UnsplashPickerView.swift in Sources */ = {isa = PBXBuildFile; fileRef = FACE0D4C1EF14E7E9641D4831A2E649E /* UnsplashPickerView.swift */; };
		B0DY5344F1F54DEDA957054F76F8832A /* UnsplashService.swift in Sources */ = {isa = PBXBuildFile; fileRef = FACEFC25D65248688F7CED2E303665CA /* UnsplashService.swift */; };
		B0DYC3D66BA6466E97148821E6A4B495 /* Utilities.swift in Sources */ = {isa = PBXBuildFile; fileRef = FACECAD6F2A542E4BC9137FFBA9E576C /* Utilities.swift */; };
		B0DYF745828C4D3F907FC7867A4D8C29 /* WebPConverter.swift in Sources */ = {isa = PBXBuildFile; fileRef = FACE2F57C29846839A63F73BFF5544A1 /* WebPConverter.swift */; };
		B0DY054BD3FD4BFD875FF3823F2A1EFB /* ZoomableImageView.swift in Sources */ = {isa = PBXBuildFile; fileRef = FACE849087624D1E9C8CBF5BF8966B9D /* ZoomableImageView.swift */; };
		B0DYB79EA6AC452CA1DF8C7BAC1708E1 /* removebgproApp.swift in Sources */ = {isa = PBXBuildFile; fileRef = FACEDA1B8A3B46F9BCD134B4A48D1093 /* removebgproApp.swift */; };
		B0DY8E00553843879F11A1E4515F091B /* Assets.xcassets in Resources */ = {isa = PBXBuildFile; fileRef = FACE01DAB7574AE1BA67C324E08E842B /* Assets.xcassets */; };
		B0DYA7E2F2B7436DB36519E9F330C151 /* Project.swift in Sources */ = {isa = PBXBuildFile; fileRef = FACEA7E2F2B7436DB36519E9F330C151 /* Project.swift */; };
		B0DYB7E2F2B7436DB36519E9F330C152 /* ProjectManager.swift in Sources */ = {isa = PBXBuildFile; fileRef = FACEB7E2F2B7436DB36519E9F330C152 /* ProjectManager.swift */; };
		B0DYC7E2F2B7436DB36519E9F330C153 /* SettingsView.swift in Sources */ = {isa = PBXBuildFile; fileRef = FACEC7E2F2B7436DB36519E9F330C153 /* SettingsView.swift */; };
		B0DYD7E2F2B7436DB36519E9F330C154 /* CameraPicker.swift in Sources */ = {isa = PBXBuildFile; fileRef = FACED7E2F2B7436DB36519E9F330C154 /* CameraPicker.swift */; };
		B0DYD7E2F2B7436DB36519E9F330C155 /* Localizable.xcstrings in Resources */ = {isa = PBXBuildFile; fileRef = FACED7E2F2B7436DB36519E9F330C155 /* Localizable.xcstrings */; };
		B0DYE7E2F2B7436DB36519E9F330C156 /* LanguageManager.swift in Sources */ = {isa = PBXBuildFile; fileRef = FACEE7E2F2B7436DB36519E9F330C156 /* LanguageManager.swift */; };
		B0DYF7E2F2B7436DB36519E9F330C157 /* LanguagePickerView.swift in Sources */ = {isa = PBXBuildFile; fileRef = FACEF7E2F2B7436DB36519E9F330C157 /* LanguagePickerView.swift */; };
/* End PBXBuildFile section */

/* Begin PBXFileReference section */
		915A336D2F326A4F001FAAD8 /* removebgpro.app */ = {isa = PBXFileReference; explicitFileType = wrapper.application; includeInIndex = 0; path = removebgpro.app; sourceTree = BUILT_PRODUCTS_DIR; };
		915A337A2F326A52001FAAD8 /* removebgproTests.xctest */ = {isa = PBXFileReference; explicitFileType = wrapper.cfbundle; includeInIndex = 0; path = removebgproTests.xctest; sourceTree = BUILT_PRODUCTS_DIR; };
		915A33842F326A52001FAAD8 /* removebgproUITests.xctest */ = {isa = PBXFileReference; explicitFileType = wrapper.cfbundle; includeInIndex = 0; path = removebgproUITests.xctest; sourceTree = BUILT_PRODUCTS_DIR; };
		FACE68BE2B7E4977B05412BA0E75240B /* AdjustmentTabView.swift */ = {isa = PBXFileReference; fileEncoding = 4; lastKnownFileType = sourcecode.swift; path = AdjustmentTabView.swift; sourceTree = "<group>"; };
		FACE7EBD11984C429858A1A8E435AAAE /* BackgroundRemovalService.swift */ = {isa = PBXFileReference; fileEncoding = 4; lastKnownFileType = sourcecode.swift; path = BackgroundRemovalService.swift; sourceTree = "<group>"; };
		FACE8ABEEA0349C786503A4247D9466E /* CanvasTabView.swift */ = {isa = PBXFileReference; fileEncoding = 4; lastKnownFileType = sourcecode.swift; path = CanvasTabView.swift; sourceTree = "<group>"; };
		FACEED5CC97743E4B228BB479606E80B /* ColorsTabView.swift */ = {isa = PBXFileReference; fileEncoding = 4; lastKnownFileType = sourcecode.swift; path = ColorsTabView.swift; sourceTree = "<group>"; };
		FACE58A2BEF64F1CBFA1C117BB473B5D /* ContentView.swift */ = {isa = PBXFileReference; fileEncoding = 4; lastKnownFileType = sourcecode.swift; path = ContentView.swift; sourceTree = "<group>"; };
		FACEA366E8204D76A41C9E9C2D7A9138 /* CornerFrame.swift */ = {isa = PBXFileReference; fileEncoding = 4; lastKnownFileType = sourcecode.swift; path = CornerFrame.swift; sourceTree = "<group>"; };
		FACEB3CCE1EC41318E2BBCC4188B078E /* CropEditorView.swift */ = {isa = PBXFileReference; fileEncoding = 4; lastKnownFileType = sourcecode.swift; path = CropEditorView.swift; sourceTree = "<group>"; };
		FACE0579567A443E97D1DCB04A607CBD /* CropOverlayView.swift */ = {isa = PBXFileReference; fileEncoding = 4; lastKnownFileType = sourcecode.swift; path = CropOverlayView.swift; sourceTree = "<group>"; };
		FACE8774958B4134A19FBBAB71A7C667 /* EditorView.swift */ = {isa = PBXFileReference; fileEncoding = 4; lastKnownFileType = sourcecode.swift; path = EditorView.swift; sourceTree = "<group>"; };
		FACE992A95664E1B9241C5B026BEC19A /* EditorViewModel.swift */ = {isa = PBXFileReference; fileEncoding = 4; lastKnownFileType = sourcecode.swift; path = EditorViewModel.swift; sourceTree = "<group>"; };
		FACE328FDDA049EB82151D3286D2910E /* EmojiPickerView.swift */ = {isa = PBXFileReference; fileEncoding = 4; lastKnownFileType = sourcecode.swift; path = EmojiPickerView.swift; sourceTree = "<group>"; };
		FACE979D46AC4955858CC46E0E5F9E23 /* FilterTabView.swift */ = {isa = PBXFileReference; fileEncoding = 4; lastKnownFileType = sourcecode.swift; path = FilterTabView.swift; sourceTree = "<group>"; };
		FACEBFBF9F1549ADA817774AB2676E35 /* FilterType.swift */ = {isa = PBXFileReference; fileEncoding = 4; lastKnownFileType = sourcecode.swift; path = FilterType.swift; sourceTree = "<group>"; };
		FACEA37C90AD4611A3BDDF23B2C17155 /* ImageProcessor.swift */ = {isa = PBXFileReference; fileEncoding = 4; lastKnownFileType = sourcecode.swift; path = ImageProcessor.swift; sourceTree = "<group>"; };
		FACE977911454C1AAEF9DF7833F5D569 /* InteractiveButton.swift */ = {isa = PBXFileReference; fileEncoding = 4; lastKnownFileType = sourcecode.swift; path = InteractiveButton.swift; sourceTree = "<group>"; };
		FACEF007E95348D5AD7CCDCFFBFF6839 /* ShadowTabView.swift */ = {isa = PBXFileReference; fileEncoding = 4; lastKnownFileType = sourcecode.swift; path = ShadowTabView.swift; sourceTree = "<group>"; };
		FACE8917C60C48C4BB054464AB83FAE3 /* Sticker.swift */ = {isa = PBXFileReference; fileEncoding = 4; lastKnownFileType = sourcecode.swift; path = Sticker.swift; sourceTree = "<group>"; };
		FACE62939FE34132A79C88B1B282B220 /* StickerPreviewView.swift */ = {isa = PBXFileReference; fileEncoding = 4; lastKnownFileType = sourcecode.swift; path = StickerPreviewView.swift; sourceTree = "<group>"; };
		FACE089F44EB4731A30E689B31BCCA16 /* StyledImageButton.swift */ = {isa = PBXFileReference; fileEncoding = 4; lastKnownFileType = sourcecode.swift; path = StyledImageButton.swift; sourceTree = "<group>"; };
		FACEB6A80B7E4FE2A13F2AE84ABC7CB5 /* TextEditorOverlay.swift */ = {isa = PBXFileReference; fileEncoding = 4; lastKnownFileType = sourcecode.swift; path = TextEditorOverlay.swift; sourceTree = "<group>"; };
		FACE8E9509FF42E08C3BAE1C4022C6D1 /* TextEditorStyles.swift */ = {isa = PBXFileReference; fileEncoding = 4; lastKnownFileType = sourcecode.swift; path = TextEditorStyles.swift; sourceTree = "<group>"; };
		FACE1164C49F4F8181B6BCA1F0B35D6C /* TextItem.swift */ = {isa = PBXFileReference; fileEncoding = 4; lastKnownFileType = sourcecode.swift; path = TextItem.swift; sourceTree = "<group>"; };
		FACE0D4C1EF14E7E9641D4831A2E649E /* UnsplashPickerView.swift */ = {isa = PBXFileReference; fileEncoding = 4; lastKnownFileType = sourcecode.swift; path = UnsplashPickerView.swift; sourceTree = "<group>"; };
		FACEFC25D65248688F7CED2E303665CA /* UnsplashService.swift */ = {isa = PBXFileReference; fileEncoding = 4; lastKnownFileType = sourcecode.swift; path = UnsplashService.swift; sourceTree = "<group>"; };
		FACECAD6F2A542E4BC9137FFBA9E576C /* Utilities.swift */ = {isa = PBXFileReference; fileEncoding = 4; lastKnownFileType = sourcecode.swift; path = Utilities.swift; sourceTree = "<group>"; };
		FACE2F57C29846839A63F73BFF5544A1 /* WebPConverter.swift */ = {isa = PBXFileReference; fileEncoding = 4; lastKnownFileType = sourcecode.swift; path = WebPConverter.swift; sourceTree = "<group>"; };
		FACE849087624D1E9C8CBF5BF8966B9D /* ZoomableImageView.swift */ = {isa = PBXFileReference; fileEncoding = 4; lastKnownFileType = sourcecode.swift; path = ZoomableImageView.swift; sourceTree = "<group>"; };
		FACEDA1B8A3B46F9BCD134B4A48D1093 /* removebgproApp.swift */ = {isa = PBXFileReference; fileEncoding = 4; lastKnownFileType = sourcecode.swift; path = removebgproApp.swift; sourceTree = "<group>"; };
		FACE01DAB7574AE1BA67C324E08E842B /* Assets.xcassets */ = {isa = PBXFileReference; fileEncoding = 4; lastKnownFileType = folder.assetcatalog; path = Assets.xcassets; sourceTree = "<group>"; };
		FACEA7E2F2B7436DB36519E9F330C151 /* Project.swift */ = {isa = PBXFileReference; fileEncoding = 4; lastKnownFileType = sourcecode.swift; path = Project.swift; sourceTree = "<group>"; };
		FACEB7E2F2B7436DB36519E9F330C152 /* ProjectManager.swift */ = {isa = PBXFileReference; fileEncoding = 4; lastKnownFileType = sourcecode.swift; path = ProjectManager.swift; sourceTree = "<group>"; };
		FACEC7E2F2B7436DB36519E9F330C153 /* SettingsView.swift */ = {isa = PBXFileReference; fileEncoding = 4; lastKnownFileType = sourcecode.swift; path = SettingsView.swift; sourceTree = "<group>"; };
		FACED7E2F2B7436DB36519E9F330C154 /* CameraPicker.swift */ = {isa = PBXFileReference; fileEncoding = 4; lastKnownFileType = sourcecode.swift; path = CameraPicker.swift; sourceTree = "<group>"; };
		FACED7E2F2B7436DB36519E9F330C155 /* Localizable.xcstrings */ = {isa = PBXFileReference; lastKnownFileType = text.json.xcstrings; path = Localizable.xcstrings; sourceTree = "<group>"; };
		FACEE7E2F2B7436DB36519E9F330C156 /* LanguageManager.swift */ = {isa = PBXFileReference; fileEncoding = 4; lastKnownFileType = sourcecode.swift; path = LanguageManager.swift; sourceTree = "<group>"; };
		FACEF7E2F2B7436DB36519E9F330C157 /* LanguagePickerView.swift */ = {isa = PBXFileReference; fileEncoding = 4; lastKnownFileType = sourcecode.swift; path = LanguagePickerView.swift; sourceTree = "<group>"; };
/* End PBXFileReference section */

/* Begin PBXFileSystemSynchronizedRootGroup section */
		915A336F2F326A4F001FAAD8 /* removebgpro */ = {
			isa = PBXGroup;
			children = (
				FACE68BE2B7E4977B05412BA0E75240B /* AdjustmentTabView.swift */,
				FACE7EBD11984C429858A1A8E435AAAE /* BackgroundRemovalService.swift */,
				FACE8ABEEA0349C786503A4247D9466E /* CanvasTabView.swift */,
				FACEED5CC97743E4B228BB479606E80B /* ColorsTabView.swift */,
				FACE58A2BEF64F1CBFA1C117BB473B5D /* ContentView.swift */,
				FACEA366E8204D76A41C9E9C2D7A9138 /* CornerFrame.swift */,
				FACEB3CCE1EC41318E2BBCC4188B078E /* CropEditorView.swift */,
				FACE0579567A443E97D1DCB04A607CBD /* CropOverlayView.swift */,
				FACE8774958B4134A19FBBAB71A7C667 /* EditorView.swift */,
				FACE992A95664E1B9241C5B026BEC19A /* EditorViewModel.swift */,
				FACE328FDDA049EB82151D3286D2910E /* EmojiPickerView.swift */,
				FACE979D46AC4955858CC46E0E5F9E23 /* FilterTabView.swift */,
				FACEBFBF9F1549ADA817774AB2676E35 /* FilterType.swift */,
				FACEA37C90AD4611A3BDDF23B2C17155 /* ImageProcessor.swift */,
				FACE977911454C1AAEF9DF7833F5D569 /* InteractiveButton.swift */,
				FACEF007E95348D5AD7CCDCFFBFF6839 /* ShadowTabView.swift */,
				FACE8917C60C48C4BB054464AB83FAE3 /* Sticker.swift */,
				FACE62939FE34132A79C88B1B282B220 /* StickerPreviewView.swift */,
				FACE089F44EB4731A30E689B31BCCA16 /* StyledImageButton.swift */,
				FACEB6A80B7E4FE2A13F2AE84ABC7CB5 /* TextEditorOverlay.swift */,
				FACE8E9509FF42E08C3BAE1C4022C6D1 /* TextEditorStyles.swift */,
				FACE1164C49F4F8181B6BCA1F0B35D6C /* TextItem.swift */,
				FACE0D4C1EF14E7E9641D4831A2E649E /* UnsplashPickerView.swift */,
				FACEFC25D65248688F7CED2E303665CA /* UnsplashService.swift */,
				FACECAD6F2A542E4BC9137FFBA9E576C /* Utilities.swift */,
				FACE2F57C29846839A63F73BFF5544A1 /* WebPConverter.swift */,
				FACE849087624D1E9C8CBF5BF8966B9D /* ZoomableImageView.swift */,
				FACEDA1B8A3B46F9BCD134B4A48D1093 /* removebgproApp.swift */,
				FACE01DAB7574AE1BA67C324E08E842B /* Assets.xcassets */,
				FACEA7E2F2B7436DB36519E9F330C151 /* Project.swift */,
				FACEB7E2F2B7436DB36519E9F330C152 /* ProjectManager.swift */,
				FACEC7E2F2B7436DB36519E9F330C153 /* SettingsView.swift */,
				FACED7E2F2B7436DB36519E9F330C154 /* CameraPicker.swift */,
				FACED7E2F2B7436DB36519E9F330C155 /* Localizable.xcstrings */,
				FACEE7E2F2B7436DB36519E9F330C156 /* LanguageManager.swift */,
				FACEF7E2F2B7436DB36519E9F330C157 /* LanguagePickerView.swift */,
			);
			path = removebgpro;
			sourceTree = "<group>";
		};
		915A337D2F326A52001FAAD8 /* removebgproTests */ = {
			isa = PBXFileSystemSynchronizedRootGroup;
			path = removebgproTests;
			sourceTree = "<group>";
		};
		915A33872F326A52001FAAD8 /* removebgproUITests */ = {
			isa = PBXFileSystemSynchronizedRootGroup;
			path = removebgproUITests;
			sourceTree = "<group>";
		};
/* End PBXFileSystemSynchronizedRootGroup section */

/* Begin PBXFrameworksBuildPhase section */
		915A336A2F326A4F001FAAD8 /* Frameworks */ = {
			isa = PBXFrameworksBuildPhase;
			buildActionMask = 2147483647;
			files = (
			);
			runOnlyForDeploymentPostprocessing = 0;
		};
		915A33772F326A52001FAAD8 /* Frameworks */ = {
			isa = PBXFrameworksBuildPhase;
			buildActionMask = 2147483647;
			files = (
			);
			runOnlyForDeploymentPostprocessing = 0;
		};
		915A33812F326A52001FAAD8 /* Frameworks */ = {
			isa = PBXFrameworksBuildPhase;
			buildActionMask = 2147483647;
			files = (
			);
			runOnlyForDeploymentPostprocessing = 0;
		};
/* End PBXFrameworksBuildPhase section */

/* Begin PBXGroup section */
		915A33642F326A4F001FAAD8 = {
			isa = PBXGroup;
			children = (
				915A336F2F326A4F001FAAD8 /* removebgpro */,
				915A337D2F326A52001FAAD8 /* removebgproTests */,
				915A33872F326A52001FAAD8 /* removebgproUITests */,
				915A336E2F326A4F001FAAD8 /* Products */,
			);
			sourceTree = "<group>";
		};
		915A336E2F326A4F001FAAD8 /* Products */ = {
			isa = PBXGroup;
			children = (
				915A336D2F326A4F001FAAD8 /* removebgpro.app */,
				915A337A2F326A52001FAAD8 /* removebgproTests.xctest */,
				915A33842F326A52001FAAD8 /* removebgproUITests.xctest */,
			);
			name = Products;
			sourceTree = "<group>";
		};
/* End PBXGroup section */

/* Begin PBXNativeTarget section */
		915A336C2F326A4F001FAAD8 /* removebgpro */ = {
			isa = PBXNativeTarget;
			buildConfigurationList = 915A338E2F326A52001FAAD8 /* Build configuration list for PBXNativeTarget "removebgpro" */;
			buildPhases = (
				915A33692F326A4F001FAAD8 /* Sources */,
				915A336A2F326A4F001FAAD8 /* Frameworks */,
				915A336B2F326A4F001FAAD8 /* Resources */,
			);
			buildRules = (
			);
			dependencies = (
			);
			fileSystemSynchronizedGroups = (
				915A336F2F326A4F001FAAD8 /* removebgpro */,
			);
			name = removebgpro;
			packageProductDependencies = (
			);
			productName = removebgpro;
			productReference = 915A336D2F326A4F001FAAD8 /* removebgpro.app */;
			productType = "com.apple.product-type.application";
		};
		915A33792F326A52001FAAD8 /* removebgproTests */ = {
			isa = PBXNativeTarget;
			buildConfigurationList = 915A33912F326A52001FAAD8 /* Build configuration list for PBXNativeTarget "removebgproTests" */;
			buildPhases = (
				915A33762F326A52001FAAD8 /* Sources */,
				915A33772F326A52001FAAD8 /* Frameworks */,
				915A33782F326A52001FAAD8 /* Resources */,
			);
			buildRules = (
			);
			dependencies = (
				915A337C2F326A52001FAAD8 /* PBXTargetDependency */,
			);
			fileSystemSynchronizedGroups = (
				915A337D2F326A52001FAAD8 /* removebgproTests */,
			);
			name = removebgproTests;
			packageProductDependencies = (
			);
			productName = removebgproTests;
			productReference = 915A337A2F326A52001FAAD8 /* removebgproTests.xctest */;
			productType = "com.apple.product-type.bundle.unit-test";
		};
		915A33832F326A52001FAAD8 /* removebgproUITests */ = {
			isa = PBXNativeTarget;
			buildConfigurationList = 915A33942F326A52001FAAD8 /* Build configuration list for PBXNativeTarget "removebgproUITests" */;
			buildPhases = (
				915A33802F326A52001FAAD8 /* Sources */,
				915A33812F326A52001FAAD8 /* Frameworks */,
				915A33822F326A52001FAAD8 /* Resources */,
			);
			buildRules = (
			);
			dependencies = (
				915A33862F326A52001FAAD8 /* PBXTargetDependency */,
			);
			fileSystemSynchronizedGroups = (
				915A33872F326A52001FAAD8 /* removebgproUITests */,
			);
			name = removebgproUITests;
			packageProductDependencies = (
			);
			productName = removebgproUITests;
			productReference = 915A33842F326A52001FAAD8 /* removebgproUITests.xctest */;
			productType = "com.apple.product-type.bundle.ui-testing";
		};
/* End PBXNativeTarget section */

/* Begin PBXProject section */
		915A33652F326A4F001FAAD8 /* Project object */ = {
			isa = PBXProject;
			attributes = {
				BuildIndependentTargetsInParallel = 1;
				LastSwiftUpdateCheck = 2620;
				LastUpgradeCheck = 2620;
				TargetAttributes = {
					915A336C2F326A4F001FAAD8 = {
						CreatedOnToolsVersion = 26.2;
					};
					915A33792F326A52001FAAD8 = {
						CreatedOnToolsVersion = 26.2;
						TestTargetID = 915A336C2F326A4F001FAAD8;
					};
					915A33832F326A52001FAAD8 = {
						CreatedOnToolsVersion = 26.2;
						TestTargetID = 915A336C2F326A4F001FAAD8;
					};
				};
			};
			buildConfigurationList = 915A33682F326A4F001FAAD8 /* Build configuration list for PBXProject "removebgpro" */;
			developmentRegion = en;
			hasScannedForEncodings = 0;
			knownRegions = (
				en,
				de,
				fr,
				es,
				it,
				"pt-BR",
				"pt-PT",
				nl,
				ru,
				"zh-Hans",
				"zh-Hant",
				ja,
				ko,
				tr,
				ar,
				hi,
				pl,
				sv,
				da,
				nb,
				fi,
				el,
				he,
				th,
				vi,
				id,
				ms,
				cs,
				hu,
				ro,
				uk,
				hr,
				sk,
				ca,
				bg,
				lt,
				lv,
				et,
				fa,
				Base,
			);
			mainGroup = 915A33642F326A4F001FAAD8;
			minimizedProjectReferenceProxies = 1;
			preferredProjectObjectVersion = 77;
			productRefGroup = 915A336E2F326A4F001FAAD8 /* Products */;
			projectDirPath = "";
			projectRoot = "";
			targets = (
				915A336C2F326A4F001FAAD8 /* removebgpro */,
				915A33792F326A52001FAAD8 /* removebgproTests */,
				915A33832F326A52001FAAD8 /* removebgproUITests */,
			);
		};
/* End PBXProject section */

/* Begin PBXResourcesBuildPhase section */
		915A336B2F326A4F001FAAD8 /* Resources */ = {
			isa = PBXResourcesBuildPhase;
			buildActionMask = 2147483647;
			files = (
				B0DY8E00553843879F11A1E4515F091B /* Assets.xcassets in Resources */,
				B0DYD7E2F2B7436DB36519E9F330C155 /* Localizable.xcstrings in Resources */,
			);
			runOnlyForDeploymentPostprocessing = 0;
		};
		915A33782F326A52001FAAD8 /* Resources */ = {
			isa = PBXResourcesBuildPhase;
			buildActionMask = 2147483647;
			files = (
			);
			runOnlyForDeploymentPostprocessing = 0;
		};
		915A33822F326A52001FAAD8 /* Resources */ = {
			isa = PBXResourcesBuildPhase;
			buildActionMask = 2147483647;
			files = (
			);
			runOnlyForDeploymentPostprocessing = 0;
		};
/* End PBXResourcesBuildPhase section */

/* Begin PBXSourcesBuildPhase section */
		915A33692F326A4F001FAAD8 /* Sources */ = {
			isa = PBXSourcesBuildPhase;
			buildActionMask = 2147483647;
			files = (
				B0DY6BCB9A444B8781E191E0992741FA /* AdjustmentTabView.swift in Sources */,
				B0DY210CD59845F0A07D82F09E9C46E8 /* BackgroundRemovalService.swift in Sources */,
				B0DY3CBE5D3D413EAC926DBF850EBF3C /* CanvasTabView.swift in Sources */,
				B0DY87296B61429DA8DC65AC1CA3F977 /* ColorsTabView.swift in Sources */,
				B0DY138AF125494B96BB77E3DB94AD5F /* ContentView.swift in Sources */,
				B0DY59D763E047C69FCA87FFE845675A /* CornerFrame.swift in Sources */,
				B0DY2D4CC337407980D6B86FFD355068 /* CropEditorView.swift in Sources */,
				B0DY47F1992743059A327EEC0833B842 /* CropOverlayView.swift in Sources */,
				B0DY8BC979354D19B2F15B5D18CC16FF /* EditorView.swift in Sources */,
				B0DY06B42F1F4A218398EAF27E85E0AF /* EditorViewModel.swift in Sources */,
				B0DY40363FB44793BD06C2325792DC87 /* EmojiPickerView.swift in Sources */,
				B0DYBB9C5D6F426A8CD188F0CA8E680D /* FilterTabView.swift in Sources */,
				B0DY32898C6740259419E9F330C15197 /* FilterType.swift in Sources */,
				B0DYF85A12C648D88F090FB6AFB6E9AE /* ImageProcessor.swift in Sources */,
				B0DYD11C2CC449C88B2C866A51B01979 /* InteractiveButton.swift in Sources */,
				B0DYD2D4545F42018680C4EEFB84850C /* ShadowTabView.swift in Sources */,
				B0DYC879E47B44B5A95CAD94E47A40B1 /* Sticker.swift in Sources */,
				B0DY4D48E6FD46019F31CF46C2A63188 /* StickerPreviewView.swift in Sources */,
				B0DYB9C639D844D2B8B2CE261AEC23C1 /* StyledImageButton.swift in Sources */,
				B0DYCC5F96D845649B89F50ABBF00479 /* TextEditorOverlay.swift in Sources */,
				B0DY6B0D68B24923BB09A77108719AE3 /* TextEditorStyles.swift in Sources */,
				B0DYCCDA593E4FBFA11E8D45954007E1 /* TextItem.swift in Sources */,
				B0DY055D5A8241AAA9C3EC8B5EBFFF5E /* UnsplashPickerView.swift in Sources */,
				B0DY5344F1F54DEDA957054F76F8832A /* UnsplashService.swift in Sources */,
				B0DYC3D66BA6466E97148821E6A4B495 /* Utilities.swift in Sources */,
				B0DYF745828C4D3F907FC7867A4D8C29 /* WebPConverter.swift in Sources */,
				B0DY054BD3FD4BFD875FF3823F2A1EFB /* ZoomableImageView.swift in Sources */,
				B0DYB79EA6AC452CA1DF8C7BAC1708E1 /* removebgproApp.swift in Sources */,
				B0DYA7E2F2B7436DB36519E9F330C151 /* Project.swift in Sources */,
				B0DYB7E2F2B7436DB36519E9F330C152 /* ProjectManager.swift in Sources */,
				B0DYC7E2F2B7436DB36519E9F330C153 /* SettingsView.swift in Sources */,
				B0DYD7E2F2B7436DB36519E9F330C154 /* CameraPicker.swift in Sources */,
				B0DYE7E2F2B7436DB36519E9F330C156 /* LanguageManager.swift in Sources */,
				B0DYF7E2F2B7436DB36519E9F330C157 /* LanguagePickerView.swift in Sources */,
			);
			runOnlyForDeploymentPostprocessing = 0;
		};
		915A33762F326A52001FAAD8 /* Sources */ = {
			isa = PBXSourcesBuildPhase;
			buildActionMask = 2147483647;
			files = (
			);
			runOnlyForDeploymentPostprocessing = 0;
		};
		915A33802F326A52001FAAD8 /* Sources */ = {
			isa = PBXSourcesBuildPhase;
			buildActionMask = 2147483647;
			files = (
			);
			runOnlyForDeploymentPostprocessing = 0;
		};
/* End PBXSourcesBuildPhase section */

/* Begin PBXTargetDependency section */
		915A337C2F326A52001FAAD8 /* PBXTargetDependency */ = {
			isa = PBXTargetDependency;
			target = 915A336C2F326A4F001FAAD8 /* removebgpro */;
			targetProxy = 915A337B2F326A52001FAAD8 /* PBXContainerItemProxy */;
		};
		915A33862F326A52001FAAD8 /* PBXTargetDependency */ = {
			isa = PBXTargetDependency;
			target = 915A336C2F326A4F001FAAD8 /* removebgpro */;
			targetProxy = 915A33852F326A52001FAAD8 /* PBXContainerItemProxy */;
		};
/* End PBXTargetDependency section */

/* Begin XCBuildConfiguration section */
		915A338C2F326A52001FAAD8 /* Debug */ = {
			isa = XCBuildConfiguration;
			buildSettings = {
				ALWAYS_SEARCH_USER_PATHS = NO;
				ASSETCATALOG_COMPILER_GENERATE_SWIFT_ASSET_SYMBOL_EXTENSIONS = YES;
				CLANG_ANALYZER_NONNULL = YES;
				CLANG_ANALYZER_NUMBER_OBJECT_CONVERSION = YES_AGGRESSIVE;
				CLANG_CXX_LANGUAGE_STANDARD = "gnu++20";
				CLANG_ENABLE_MODULES = YES;
				CLANG_ENABLE_OBJC_ARC = YES;
				CLANG_ENABLE_OBJC_WEAK = YES;
				CLANG_WARN_BLOCK_CAPTURE_AUTORELEASING = YES;
				CLANG_WARN_BOOL_CONVERSION = YES;
				CLANG_WARN_COMMA = YES;
				CLANG_WARN_CONSTANT_CONVERSION = YES;
				CLANG_WARN_DEPRECATED_OBJC_IMPLEMENTATIONS = YES;
				CLANG_WARN_DIRECT_OBJC_ISA_USAGE = YES_ERROR;
				CLANG_WARN_DOCUMENTATION_COMMENTS = YES;
				CLANG_WARN_EMPTY_BODY = YES;
				CLANG_WARN_ENUM_CONVERSION = YES;
				CLANG_WARN_INFINITE_RECURSION = YES;
				CLANG_WARN_INT_CONVERSION = YES;
				CLANG_WARN_NON_LITERAL_NULL_CONVERSION = YES;
				CLANG_WARN_OBJC_IMPLICIT_RETAIN_SELF = YES;
				CLANG_WARN_OBJC_LITERAL_CONVERSION = YES;
				CLANG_WARN_OBJC_ROOT_CLASS = YES_ERROR;
				CLANG_WARN_QUOTED_INCLUDE_IN_FRAMEWORK_HEADER = YES;
				CLANG_WARN_RANGE_LOOP_ANALYSIS = YES;
				CLANG_WARN_STRICT_PROTOTYPES = YES;
				CLANG_WARN_SUSPICIOUS_MOVE = YES;
				CLANG_WARN_UNGUARDED_AVAILABILITY = YES_AGGRESSIVE;
				CLANG_WARN_UNREACHABLE_CODE = YES;
				CLANG_WARN__DUPLICATE_METHOD_MATCH = YES;
				COPY_PHASE_STRIP = NO;
				DEBUG_INFORMATION_FORMAT = dwarf;
				DEVELOPMENT_TEAM = 324JS7T6K6;
				ENABLE_STRICT_OBJC_MSGSEND = YES;
				ENABLE_TESTABILITY = YES;
				ENABLE_USER_SCRIPT_SANDBOXING = YES;
				GCC_C_LANGUAGE_STANDARD = gnu17;
				GCC_DYNAMIC_NO_PIC = NO;
				GCC_NO_COMMON_BLOCKS = YES;
				GCC_OPTIMIZATION_LEVEL = 0;
				GCC_PREPROCESSOR_DEFINITIONS = (
					"DEBUG=1",
					"$(inherited)",
				);
				GCC_WARN_64_TO_32_BIT_CONVERSION = YES;
				GCC_WARN_ABOUT_RETURN_TYPE = YES_ERROR;
				GCC_WARN_UNDECLARED_SELECTOR = YES;
				GCC_WARN_UNINITIALIZED_AUTOS = YES_AGGRESSIVE;
				GCC_WARN_UNUSED_FUNCTION = YES;
				GCC_WARN_UNUSED_VARIABLE = YES;
				IPHONEOS_DEPLOYMENT_TARGET = 26.2;
				LOCALIZATION_PREFERS_STRING_CATALOGS = YES;
				MTL_ENABLE_DEBUG_INFO = INCLUDE_SOURCE;
				MTL_FAST_MATH = YES;
				ONLY_ACTIVE_ARCH = YES;
				SDKROOT = iphoneos;
				SWIFT_ACTIVE_COMPILATION_CONDITIONS = "DEBUG $(inherited)";
				SWIFT_OPTIMIZATION_LEVEL = "-Onone";
			};
			name = Debug;
		};
		915A338D2F326A52001FAAD8 /* Release */ = {
			isa = XCBuildConfiguration;
			buildSettings = {
				ALWAYS_SEARCH_USER_PATHS = NO;
				ASSETCATALOG_COMPILER_GENERATE_SWIFT_ASSET_SYMBOL_EXTENSIONS = YES;
				CLANG_ANALYZER_NONNULL = YES;
				CLANG_ANALYZER_NUMBER_OBJECT_CONVERSION = YES_AGGRESSIVE;
				CLANG_CXX_LANGUAGE_STANDARD = "gnu++20";
				CLANG_ENABLE_MODULES = YES;
				CLANG_ENABLE_OBJC_ARC = YES;
				CLANG_ENABLE_OBJC_WEAK = YES;
				CLANG_WARN_BLOCK_CAPTURE_AUTORELEASING = YES;
				CLANG_WARN_BOOL_CONVERSION = YES;
				CLANG_WARN_COMMA = YES;
				CLANG_WARN_CONSTANT_CONVERSION = YES;
				CLANG_WARN_DEPRECATED_OBJC_IMPLEMENTATIONS = YES;
				CLANG_WARN_DIRECT_OBJC_ISA_USAGE = YES_ERROR;
				CLANG_WARN_DOCUMENTATION_COMMENTS = YES;
				CLANG_WARN_EMPTY_BODY = YES;
				CLANG_WARN_ENUM_CONVERSION = YES;
				CLANG_WARN_INFINITE_RECURSION = YES;
				CLANG_WARN_INT_CONVERSION = YES;
				CLANG_WARN_NON_LITERAL_NULL_CONVERSION = YES;
				CLANG_WARN_OBJC_IMPLICIT_RETAIN_SELF = YES;
				CLANG_WARN_OBJC_LITERAL_CONVERSION = YES;
				CLANG_WARN_OBJC_ROOT_CLASS = YES_ERROR;
				CLANG_WARN_QUOTED_INCLUDE_IN_FRAMEWORK_HEADER = YES;
				CLANG_WARN_RANGE_LOOP_ANALYSIS = YES;
				CLANG_WARN_STRICT_PROTOTYPES = YES;
				CLANG_WARN_SUSPICIOUS_MOVE = YES;
				CLANG_WARN_UNGUARDED_AVAILABILITY = YES_AGGRESSIVE;
				CLANG_WARN_UNREACHABLE_CODE = YES;
				CLANG_WARN__DUPLICATE_METHOD_MATCH = YES;
				COPY_PHASE_STRIP = NO;
				DEBUG_INFORMATION_FORMAT = "dwarf-with-dsym";
				DEVELOPMENT_TEAM = 324JS7T6K6;
				ENABLE_NS_ASSERTIONS = NO;
				ENABLE_STRICT_OBJC_MSGSEND = YES;
				ENABLE_USER_SCRIPT_SANDBOXING = YES;
				GCC_C_LANGUAGE_STANDARD = gnu17;
				GCC_NO_COMMON_BLOCKS = YES;
				GCC_WARN_64_TO_32_BIT_CONVERSION = YES;
				GCC_WARN_ABOUT_RETURN_TYPE = YES_ERROR;
				GCC_WARN_UNDECLARED_SELECTOR = YES;
				GCC_WARN_UNINITIALIZED_AUTOS = YES_AGGRESSIVE;
				GCC_WARN_UNUSED_FUNCTION = YES;
				GCC_WARN_UNUSED_VARIABLE = YES;
				IPHONEOS_DEPLOYMENT_TARGET = 26.2;
				LOCALIZATION_PREFERS_STRING_CATALOGS = YES;
				MTL_ENABLE_DEBUG_INFO = NO;
				MTL_FAST_MATH = YES;
				SDKROOT = iphoneos;
				SWIFT_COMPILATION_MODE = wholemodule;
				VALIDATE_PRODUCT = YES;
			};
			name = Release;
		};
		915A338F2F326A52001FAAD8 /* Debug */ = {
			isa = XCBuildConfiguration;
			buildSettings = {
				ASSETCATALOG_COMPILER_APPICON_NAME = AppIcon;
				ASSETCATALOG_COMPILER_GLOBAL_ACCENT_COLOR_NAME = AccentColor;
				CODE_SIGN_STYLE = Automatic;
				CURRENT_PROJECT_VERSION = 1;
				DEVELOPMENT_TEAM = 324JS7T6K6;
				ENABLE_PREVIEWS = YES;
				GENERATE_INFOPLIST_FILE = YES;
				INFOPLIST_KEY_NSPhotoLibraryAddUsageDescription = "Wir speichern deine bearbeiteten Fotos in deiner Mediathek.";
				INFOPLIST_KEY_NSPhotoLibraryUsageDescription = "Wir benötigen Zugriff auf deine Fotos, um sie zu bearbeiten und zu speichern.";
				INFOPLIST_KEY_UIApplicationSceneManifest_Generation = YES;
				INFOPLIST_KEY_UIApplicationSupportsIndirectInputEvents = YES;
				INFOPLIST_KEY_UILaunchScreen_Generation = YES;
				INFOPLIST_KEY_UISupportedInterfaceOrientations_iPad = "UIInterfaceOrientationPortrait UIInterfaceOrientationPortraitUpsideDown UIInterfaceOrientationLandscapeLeft UIInterfaceOrientationLandscapeRight";
				INFOPLIST_KEY_UISupportedInterfaceOrientations_iPhone = "UIInterfaceOrientationPortrait UIInterfaceOrientationLandscapeLeft UIInterfaceOrientationLandscapeRight";
				IPHONEOS_DEPLOYMENT_TARGET = 16.6;
				LD_RUNPATH_SEARCH_PATHS = (
					"$(inherited)",
					"@executable_path/Frameworks",
				);
				MARKETING_VERSION = 1.0;
				PRODUCT_BUNDLE_IDENTIFIER = devlargou.removebgpro;
				PRODUCT_NAME = "$(TARGET_NAME)";
				STRING_CATALOG_GENERATE_SYMBOLS = YES;
				SUPPORTED_PLATFORMS = "iphoneos iphonesimulator";
				SUPPORTS_MACCATALYST = NO;
				SUPPORTS_XR_DESIGNED_FOR_IPHONE_IPAD = YES;
				SWIFT_APPROACHABLE_CONCURRENCY = YES;
				SWIFT_DEFAULT_ACTOR_ISOLATION = MainActor;
				SWIFT_EMIT_LOC_STRINGS = YES;
				SWIFT_UPCOMING_FEATURE_MEMBER_IMPORT_VISIBILITY = YES;
				SWIFT_VERSION = 5.0;
				TARGETED_DEVICE_FAMILY = "1,2";
			};
			name = Debug;
		};
		915A33902F326A52001FAAD8 /* Release */ = {
			isa = XCBuildConfiguration;
			buildSettings = {
				ASSETCATALOG_COMPILER_APPICON_NAME = AppIcon;
				ASSETCATALOG_COMPILER_GLOBAL_ACCENT_COLOR_NAME = AccentColor;
				CODE_SIGN_STYLE = Automatic;
				CURRENT_PROJECT_VERSION = 1;
				DEVELOPMENT_TEAM = 324JS7T6K6;
				ENABLE_PREVIEWS = YES;
				GENERATE_INFOPLIST_FILE = YES;
				INFOPLIST_KEY_NSPhotoLibraryAddUsageDescription = "Wir speichern deine bearbeiteten Fotos in deiner Mediathek.";
				INFOPLIST_KEY_NSPhotoLibraryUsageDescription = "Wir benötigen Zugriff auf deine Fotos, um sie zu bearbeiten und zu speichern.";
				INFOPLIST_KEY_UIApplicationSceneManifest_Generation = YES;
				INFOPLIST_KEY_UIApplicationSupportsIndirectInputEvents = YES;
				INFOPLIST_KEY_UILaunchScreen_Generation = YES;
				INFOPLIST_KEY_UISupportedInterfaceOrientations_iPad = "UIInterfaceOrientationPortrait UIInterfaceOrientationPortraitUpsideDown UIInterfaceOrientationLandscapeLeft UIInterfaceOrientationLandscapeRight";
				INFOPLIST_KEY_UISupportedInterfaceOrientations_iPhone = "UIInterfaceOrientationPortrait UIInterfaceOrientationLandscapeLeft UIInterfaceOrientationLandscapeRight";
				IPHONEOS_DEPLOYMENT_TARGET = 16.6;
				LD_RUNPATH_SEARCH_PATHS = (
					"$(inherited)",
					"@executable_path/Frameworks",
				);
				MARKETING_VERSION = 1.0;
				PRODUCT_BUNDLE_IDENTIFIER = devlargou.removebgpro;
				PRODUCT_NAME = "$(TARGET_NAME)";
				STRING_CATALOG_GENERATE_SYMBOLS = YES;
				SUPPORTED_PLATFORMS = "iphoneos iphonesimulator";
				SUPPORTS_MACCATALYST = NO;
				SUPPORTS_XR_DESIGNED_FOR_IPHONE_IPAD = YES;
				SWIFT_APPROACHABLE_CONCURRENCY = YES;
				SWIFT_DEFAULT_ACTOR_ISOLATION = MainActor;
				SWIFT_EMIT_LOC_STRINGS = YES;
				SWIFT_UPCOMING_FEATURE_MEMBER_IMPORT_VISIBILITY = YES;
				SWIFT_VERSION = 5.0;
				TARGETED_DEVICE_FAMILY = "1,2";
			};
			name = Release;
		};
		915A33922F326A52001FAAD8 /* Debug */ = {
			isa = XCBuildConfiguration;
			buildSettings = {
				BUNDLE_LOADER = "$(TEST_HOST)";
				CODE_SIGN_STYLE = Automatic;
				CURRENT_PROJECT_VERSION = 1;
				DEVELOPMENT_TEAM = 324JS7T6K6;
				GENERATE_INFOPLIST_FILE = YES;
				IPHONEOS_DEPLOYMENT_TARGET = 26.2;
				MARKETING_VERSION = 1.0;
				PRODUCT_BUNDLE_IDENTIFIER = devlargou.removebgproTests;
				PRODUCT_NAME = "$(TARGET_NAME)";
				STRING_CATALOG_GENERATE_SYMBOLS = NO;
				SWIFT_APPROACHABLE_CONCURRENCY = YES;
				SWIFT_EMIT_LOC_STRINGS = NO;
				SWIFT_UPCOMING_FEATURE_MEMBER_IMPORT_VISIBILITY = YES;
				SWIFT_VERSION = 5.0;
				TARGETED_DEVICE_FAMILY = "1,2";
				TEST_HOST = "$(BUILT_PRODUCTS_DIR)/removebgpro.app/$(BUNDLE_EXECUTABLE_FOLDER_PATH)/removebgpro";
			};
			name = Debug;
		};
		915A33932F326A52001FAAD8 /* Release */ = {
			isa = XCBuildConfiguration;
			buildSettings = {
				BUNDLE_LOADER = "$(TEST_HOST)";
				CODE_SIGN_STYLE = Automatic;
				CURRENT_PROJECT_VERSION = 1;
				DEVELOPMENT_TEAM = 324JS7T6K6;
				GENERATE_INFOPLIST_FILE = YES;
				IPHONEOS_DEPLOYMENT_TARGET = 26.2;
				MARKETING_VERSION = 1.0;
				PRODUCT_BUNDLE_IDENTIFIER = devlargou.removebgproTests;
				PRODUCT_NAME = "$(TARGET_NAME)";
				STRING_CATALOG_GENERATE_SYMBOLS = NO;
				SWIFT_APPROACHABLE_CONCURRENCY = YES;
				SWIFT_EMIT_LOC_STRINGS = NO;
				SWIFT_UPCOMING_FEATURE_MEMBER_IMPORT_VISIBILITY = YES;
				SWIFT_VERSION = 5.0;
				TARGETED_DEVICE_FAMILY = "1,2";
				TEST_HOST = "$(BUILT_PRODUCTS_DIR)/removebgpro.app/$(BUNDLE_EXECUTABLE_FOLDER_PATH)/removebgpro";
			};
			name = Release;
		};
		915A33952F326A52001FAAD8 /* Debug */ = {
			isa = XCBuildConfiguration;
			buildSettings = {
				CODE_SIGN_STYLE = Automatic;
				CURRENT_PROJECT_VERSION = 1;
				DEVELOPMENT_TEAM = 324JS7T6K6;
				GENERATE_INFOPLIST_FILE = YES;
				MARKETING_VERSION = 1.0;
				PRODUCT_BUNDLE_IDENTIFIER = devlargou.removebgproUITests;
				PRODUCT_NAME = "$(TARGET_NAME)";
				STRING_CATALOG_GENERATE_SYMBOLS = NO;
				SWIFT_APPROACHABLE_CONCURRENCY = YES;
				SWIFT_EMIT_LOC_STRINGS = NO;
				SWIFT_UPCOMING_FEATURE_MEMBER_IMPORT_VISIBILITY = YES;
				SWIFT_VERSION = 5.0;
				TARGETED_DEVICE_FAMILY = "1,2";
				TEST_TARGET_NAME = removebgpro;
			};
			name = Debug;
		};
		915A33962F326A52001FAAD8 /* Release */ = {
			isa = XCBuildConfiguration;
			buildSettings = {
				CODE_SIGN_STYLE = Automatic;
				CURRENT_PROJECT_VERSION = 1;
				DEVELOPMENT_TEAM = 324JS7T6K6;
				GENERATE_INFOPLIST_FILE = YES;
				MARKETING_VERSION = 1.0;
				PRODUCT_BUNDLE_IDENTIFIER = devlargou.removebgproUITests;
				PRODUCT_NAME = "$(TARGET_NAME)";
				STRING_CATALOG_GENERATE_SYMBOLS = NO;
				SWIFT_APPROACHABLE_CONCURRENCY = YES;
				SWIFT_EMIT_LOC_STRINGS = NO;
				SWIFT_UPCOMING_FEATURE_MEMBER_IMPORT_VISIBILITY = YES;
				SWIFT_VERSION = 5.0;
				TARGETED_DEVICE_FAMILY = "1,2";
				TEST_TARGET_NAME = removebgpro;
			};
			name = Release;
		};
/* End XCBuildConfiguration section */

/* Begin XCConfigurationList section */
		915A33682F326A4F001FAAD8 /* Build configuration list for PBXProject "removebgpro" */ = {
			isa = XCConfigurationList;
			buildConfigurations = (
				915A338C2F326A52001FAAD8 /* Debug */,
				915A338D2F326A52001FAAD8 /* Release */,
			);
			defaultConfigurationIsVisible = 0;
			defaultConfigurationName = Release;
		};
		915A338E2F326A52001FAAD8 /* Build configuration list for PBXNativeTarget "removebgpro" */ = {
			isa = XCConfigurationList;
			buildConfigurations = (
				915A338F2F326A52001FAAD8 /* Debug */,
				915A33902F326A52001FAAD8 /* Release */,
			);
			defaultConfigurationIsVisible = 0;
			defaultConfigurationName = Release;
		};
		915A33912F326A52001FAAD8 /* Build configuration list for PBXNativeTarget "removebgproTests" */ = {
			isa = XCConfigurationList;
			buildConfigurations = (
				915A33922F326A52001FAAD8 /* Debug */,
				915A33932F326A52001FAAD8 /* Release */,
			);
			defaultConfigurationIsVisible = 0;
			defaultConfigurationName = Release;
		};
		915A33942F326A52001FAAD8 /* Build configuration list for PBXNativeTarget "removebgproUITests" */ = {
			isa = XCConfigurationList;
			buildConfigurations = (
				915A33952F326A52001FAAD8 /* Debug */,
				915A33962F326A52001FAAD8 /* Release */,
			);
			defaultConfigurationIsVisible = 0;
			defaultConfigurationName = Release;
		};
/* End XCConfigurationList section */
	};
	rootObject = 915A33652F326A4F001FAAD8 /* Project object */;
}
